hash: c8e025bb673bfcea56f9619cc0360982e53054d49300071c4d0091e36742d709
updated: 2016-04-09T13:37:38.049224705-07:00
imports:
- name: github.com/mattn/go-colorable
  version: 9cbef7c35391cca05f15f8181dc0b18bc9736dbb
- name: github.com/mattn/go-isatty
  version: 56b76bdf51f7708750eac80fa38b952bb9f32639
- name: golang.org/x/sys
  version: 9eef40adf05b951699605195b829612bd7b69952
  subpackages:
  - unix
devImports: []
